
Microsoft Visual Studio Solution File, Format Version 12.00
# Visual Studio Version 17
VisualStudioVersion = 17.7.34024.191
MinimumVisualStudioVersion = 10.0.40219.1
Project("{9A19103F-16F7-4668-BE54-9A1E7A4F7556}") = "TestingPlace", "TestingPlace\TestingPlace.csproj", "{88481F51-E13F-49BC-84B4-61658D7F12D2}"
EndProject
Project("{FAE04EC0-301F-11D3-BF4B-00C04F79EFBC}") = "TestingPlace.Tests", "TestingPlace.Tests\TestingPlace.Tests.csproj", "{BDA9D9AA-D97D-48CC-816E-0F91954ECF23}"
EndProject
Global
	GlobalSection(SolutionConfigurationPlatforms) = preSolution
		Debug|Any CPU = Debug|Any CPU
		Release|Any CPU = Release|Any CPU
	EndGlobalSection
	GlobalSection(ProjectConfigurationPlatforms) = postSolution
		{88481F51-E13F-49BC-84B4-61658D7F12D2}.Debug|Any CPU.ActiveCfg = Debug|Any CPU
		{88481F51-E13F-49BC-84B4-61658D7F12D2}.Debug|Any CPU.Build.0 = Debug|Any CPU
		{88481F51-E13F-49BC-84B4-61658D7F12D2}.Release|Any CPU.ActiveCfg = Release|Any CPU
		{88481F51-E13F-49BC-84B4-61658D7F12D2}.Release|Any CPU.Build.0 = Release|Any CPU
		{BDA9D9AA-D97D-48CC-816E-0F91954ECF23}.Debug|Any CPU.ActiveCfg = Debug|Any CPU
		{BDA9D9AA-D97D-48CC-816E-0F91954ECF23}.Debug|Any CPU.Build.0 = Debug|Any CPU
		{BDA9D9AA-D97D-48CC-816E-0F91954ECF23}.Release|Any CPU.ActiveCfg = Release|Any CPU
		{BDA9D9AA-D97D-48CC-816E-0F91954ECF23}.Release|Any CPU.Build.0 = Release|Any CPU
	EndGlobalSection
	GlobalSection(SolutionProperties) = preSolution
		HideSolutionNode = FALSE
	EndGlobalSection
	GlobalSection(ExtensibilityGlobals) = postSolution
		SolutionGuid = {1D6B5558-AA32-495F-9E54-A557C2B2D79A}
	EndGlobalSection
EndGlobal
